
Microsoft Visual Studio Solution File, Format Version 12.00
# Visual Studio Version 16
VisualStudioVersion = 16.0.30523.141
MinimumVisualStudioVersion = 10.0.40219.1
Project("{8BC9CEB8-8B4A-11D0-8D11-00A0C91BC942}") = "1", "1\1.vcxproj", "{EC0C4B47-9114-4C6B-9BC6-ABBBC16A2746}"
EndProject
Project("{8BC9CEB8-8B4A-11D0-8D11-00A0C91BC942}") = "2", "2\2.vcxproj", "{EA186D87-4BD8-43E4-9E02-E2C1C43E6997}"
EndProject
Project("{8BC9CEB8-8B4A-11D0-8D11-00A0C91BC942}") = "3", "3\3.vcxproj", "{73BC253F-5E61-464F-8BF7-160E1549CA36}"
EndProject
Project("{8BC9CEB8-8B4A-11D0-8D11-00A0C91BC942}") = "4", "4\4.vcxproj", "{A158FE13-2DD1-4DF7-872A-3C3E09B58FFA}"
EndProject
Project("{8BC9CEB8-8B4A-11D0-8D11-00A0C91BC942}") = "5", "5\5.vcxproj", "{EF93A774-C848-407A-BF5C-FD7C6C0E70A6}"
EndProject
Project("{8BC9CEB8-8B4A-11D0-8D11-00A0C91BC942}") = "6", "6\6.vcxproj", "{B43923CF-6281-4898-B20B-B26659FA03A4}"
EndProject
Global
	GlobalSection(SolutionConfigurationPlatforms) = preSolution
		Debug|x64 = Debug|x64
		Debug|x86 = Debug|x86
		Release|x64 = Release|x64
		Release|x86 = Release|x86
	EndGlobalSection
	GlobalSection(ProjectConfigurationPlatforms) = postSolution
		{EC0C4B47-9114-4C6B-9BC6-ABBBC16A2746}.Debug|x64.ActiveCfg = Debug|x64
		{EC0C4B47-9114-4C6B-9BC6-ABBBC16A2746}.Debug|x64.Build.0 = Debug|x64
		{EC0C4B47-9114-4C6B-9BC6-ABBBC16A2746}.Debug|x86.ActiveCfg = Debug|Win32
		{EC0C4B47-9114-4C6B-9BC6-ABBBC16A2746}.Debug|x86.Build.0 = Debug|Win32
		{EC0C4B47-9114-4C6B-9BC6-ABBBC16A2746}.Release|x64.ActiveCfg = Release|x64
		{EC0C4B47-9114-4C6B-9BC6-ABBBC16A2746}.Release|x64.Build.0 = Release|x64
		{EC0C4B47-9114-4C6B-9BC6-ABBBC16A2746}.Release|x86.ActiveCfg = Release|Win32
		{EC0C4B47-9114-4C6B-9BC6-ABBBC16A2746}.Release|x86.Build.0 = Release|Win32
		{EA186D87-4BD8-43E4-9E02-E2C1C43E6997}.Debug|x64.ActiveCfg = Debug|x64
		{EA186D87-4BD8-43E4-9E02-E2C1C43E6997}.Debug|x64.Build.0 = Debug|x64
		{EA186D87-4BD8-43E4-9E02-E2C1C43E6997}.Debug|x86.ActiveCfg = Debug|Win32
		{EA186D87-4BD8-43E4-9E02-E2C1C43E6997}.Debug|x86.Build.0 = Debug|Win32
		{EA186D87-4BD8-43E4-9E02-E2C1C43E6997}.Release|x64.ActiveCfg = Release|x64
		{EA186D87-4BD8-43E4-9E02-E2C1C43E6997}.Release|x64.Build.0 = Release|x64
		{EA186D87-4BD8-43E4-9E02-E2C1C43E6997}.Release|x86.ActiveCfg = Release|Win32
		{EA186D87-4BD8-43E4-9E02-E2C1C43E6997}.Release|x86.Build.0 = Release|Win32
		{73BC253F-5E61-464F-8BF7-160E1549CA36}.Debug|x64.ActiveCfg = Debug|x64
		{73BC253F-5E61-464F-8BF7-160E1549CA36}.Debug|x64.Build.0 = Debug|x64
		{73BC253F-5E61-464F-8BF7-160E1549CA36}.Debug|x86.ActiveCfg = Debug|Win32
		{73BC253F-5E61-464F-8BF7-160E1549CA36}.Debug|x86.Build.0 = Debug|Win32
		{73BC253F-5E61-464F-8BF7-160E1549CA36}.Release|x64.ActiveCfg = Release|x64
		{73BC253F-5E61-464F-8BF7-160E1549CA36}.Release|x64.Build.0 = Release|x64
		{73BC253F-5E61-464F-8BF7-160E1549CA36}.Release|x86.ActiveCfg = Release|Win32
		{73BC253F-5E61-464F-8BF7-160E1549CA36}.Release|x86.Build.0 = Release|Win32
		{A158FE13-2DD1-4DF7-872A-3C3E09B58FFA}.Debug|x64.ActiveCfg = Debug|x64
		{A158FE13-2DD1-4DF7-872A-3C3E09B58FFA}.Debug|x64.Build.0 = Debug|x64
		{A158FE13-2DD1-4DF7-872A-3C3E09B58FFA}.Debug|x86.ActiveCfg = Debug|Win32
		{A158FE13-2DD1-4DF7-872A-3C3E09B58FFA}.Debug|x86.Build.0 = Debug|Win32
		{A158FE13-2DD1-4DF7-872A-3C3E09B58FFA}.Release|x64.ActiveCfg = Release|x64
		{A158FE13-2DD1-4DF7-872A-3C3E09B58FFA}.Release|x64.Build.0 = Release|x64
		{A158FE13-2DD1-4DF7-872A-3C3E09B58FFA}.Release|x86.ActiveCfg = Release|Win32
		{A158FE13-2DD1-4DF7-872A-3C3E09B58FFA}.Release|x86.Build.0 = Release|Win32
		{EF93A774-C848-407A-BF5C-FD7C6C0E70A6}.Debug|x64.ActiveCfg = Debug|x64
		{EF93A774-C848-407A-BF5C-FD7C6C0E70A6}.Debug|x64.Build.0 = Debug|x64
		{EF93A774-C848-407A-BF5C-FD7C6C0E70A6}.Debug|x86.ActiveCfg = Debug|Win32
		{EF93A774-C848-407A-BF5C-FD7C6C0E70A6}.Debug|x86.Build.0 = Debug|Win32
		{EF93A774-C848-407A-BF5C-FD7C6C0E70A6}.Release|x64.ActiveCfg = Release|x64
		{EF93A774-C848-407A-BF5C-FD7C6C0E70A6}.Release|x64.Build.0 = Release|x64
		{EF93A774-C848-407A-BF5C-FD7C6C0E70A6}.Release|x86.ActiveCfg = Release|Win32
		{EF93A774-C848-407A-BF5C-FD7C6C0E70A6}.Release|x86.Build.0 = Release|Win32
		{B43923CF-6281-4898-B20B-B26659FA03A4}.Debug|x64.ActiveCfg = Debug|x64
		{B43923CF-6281-4898-B20B-B26659FA03A4}.Debug|x64.Build.0 = Debug|x64
		{B43923CF-6281-4898-B20B-B26659FA03A4}.Debug|x86.ActiveCfg = Debug|Win32
		{B43923CF-6281-4898-B20B-B26659FA03A4}.Debug|x86.Build.0 = Debug|Win32
		{B43923CF-6281-4898-B20B-B26659FA03A4}.Release|x64.ActiveCfg = Release|x64
		{B43923CF-6281-4898-B20B-B26659FA03A4}.Release|x64.Build.0 = Release|x64
		{B43923CF-6281-4898-B20B-B26659FA03A4}.Release|x86.ActiveCfg = Release|Win32
		{B43923CF-6281-4898-B20B-B26659FA03A4}.Release|x86.Build.0 = Release|Win32
	EndGlobalSection
	GlobalSection(SolutionProperties) = preSolution
		HideSolutionNode = FALSE
	EndGlobalSection
	GlobalSection(ExtensibilityGlobals) = postSolution
		SolutionGuid = {E3AAA3C1-EC51-4451-A928-56CDED45C258}
	EndGlobalSection
EndGlobal
